<?xml version="1.0" encoding="utf-8"?>
<Project ToolsVersion="4.0" xmlns="http://schemas.microsoft.com/developer/msbuild/2003">
  <ItemGroup>
    <Filter Include="Header Files">
      <UniqueIdentifier>{e44e9630-88b6-40f0-8218-b2f874445093}</UniqueIdentifier>
      <Extensions>h;hpp;hxx;hm;inl;fi;fd</Extensions>
    </Filter>
    <Filter Include="Resource Files">
      <UniqueIdentifier>{052274c9-59f8-4f09-b9b9-d31b9322991a}</UniqueIdentifier>
      <Extensions>ico;cur;bmp;dlg;rc2;rct;bin;cnt;rtf;gif;jpg;jpeg;jpe</Extensions>
    </Filter>
    <Filter Include="Source Files">
      <UniqueIdentifier>{d2ebb97c-5550-4209-8690-087248f4aa9f}</UniqueIdentifier>
      <Extensions>cpp;c;cxx;rc;def;r;odl;hpj;bat;for;f90</Extensions>
    </Filter>
  </ItemGroup>
  <ItemGroup>
    <ClCompile Include="Aggreg.cpp">
      <Filter>Source Files</Filter>
    </ClCompile>
    <ClCompile Include="preagg.cpp">
      <Filter>Source Files</Filter>
    </ClCompile>
  </ItemGroup>
  <ItemGroup>
    <None Include="Agg.rgs">
      <Filter>Resource Files</Filter>
    </None>
    <None Include="AggBlind.rgs">
      <Filter>Resource Files</Filter>
    </None>
    <None Include="AutoAgg.rgs">
      <Filter>Resource Files</Filter>
    </None>
    <None Include="AutoAggB.rgs">
      <Filter>Resource Files</Filter>
    </None>
  </ItemGroup>
  <ItemGroup>
    <ClInclude Include="Agg.h">
      <Filter>Header Files</Filter>
    </ClInclude>
    <ClInclude Include="AggBlind.h">
      <Filter>Header Files</Filter>
    </ClInclude>
    <ClInclude Include="AggregIface.h">
      <Filter>Header Files</Filter>
    </ClInclude>
    <ClInclude Include="AutoAgg.h">
      <Filter>Header Files</Filter>
    </ClInclude>
    <ClInclude Include="AutoAggB.h">
      <Filter>Header Files</Filter>
    </ClInclude>
    <ClInclude Include="preagg.h">
      <Filter>Header Files</Filter>
    </ClInclude>
  </ItemGroup>
  <ItemGroup>
    <ResourceCompile Include="Aggreg.rc">
      <Filter>Source Files</Filter>
    </ResourceCompile>
  </ItemGroup>
</Project>