<?xml version="1.0" encoding="utf-8"?>
<Project ToolsVersion="4.0" xmlns="http://schemas.microsoft.com/developer/msbuild/2003">
  <ItemGroup>
    <Filter Include="Header Files">
      <UniqueIdentifier>{44566a87-5fed-4dea-b06e-1e04a6b1dea7}</UniqueIdentifier>
      <Extensions>h;hpp;hxx;inl;fi;fd</Extensions>
    </Filter>
    <Filter Include="Resource Files">
      <UniqueIdentifier>{5489c094-88e5-45fc-b795-be14c9f7e8e6}</UniqueIdentifier>
      <Extensions>rc;ico;cur;bmp;dlg;rc2;rct;cnt;rtf;gif;jpg;jpeg;jpe</Extensions>
    </Filter>
    <Filter Include="Source Files">
      <UniqueIdentifier>{574f5eb5-8d80-4a5a-8b01-45979209d7a2}</UniqueIdentifier>
      <Extensions>cpp;c;cxx;def;r;odl;hpj;bat;for;f90</Extensions>
    </Filter>
  </ItemGroup>
  <ItemGroup>
    <ClCompile Include="aboutbox.cpp">
      <Filter>Source Files</Filter>
    </ClCompile>
    <ClCompile Include="ipframe.cpp">
      <Filter>Source Files</Filter>
    </ClCompile>
    <ClCompile Include="linkitem.cpp">
      <Filter>Source Files</Filter>
    </ClCompile>
    <ClCompile Include="mainfrm.cpp">
      <Filter>Source Files</Filter>
    </ClCompile>
    <ClCompile Include="paddoc.cpp">
      <Filter>Source Files</Filter>
    </ClCompile>
    <ClCompile Include="padframe.cpp">
      <Filter>Source Files</Filter>
    </ClCompile>
    <ClCompile Include="paditem.cpp">
      <Filter>Source Files</Filter>
    </ClCompile>
    <ClCompile Include="padview.cpp">
      <Filter>Source Files</Filter>
    </ClCompile>
    <ClCompile Include="pageset.cpp">
      <Filter>Source Files</Filter>
    </ClCompile>
    <ClCompile Include="stdafx.cpp">
      <Filter>Source Files</Filter>
    </ClCompile>
    <ClCompile Include="superpad.cpp">
      <Filter>Source Files</Filter>
    </ClCompile>
    <ClCompile Include="tabstop.cpp">
      <Filter>Source Files</Filter>
    </ClCompile>
  </ItemGroup>
  <ItemGroup>
    <ClInclude Include="aboutbox.h">
      <Filter>Header Files</Filter>
    </ClInclude>
    <ClInclude Include="ipframe.h">
      <Filter>Header Files</Filter>
    </ClInclude>
    <ClInclude Include="linkitem.h">
      <Filter>Header Files</Filter>
    </ClInclude>
    <ClInclude Include="mainfrm.h">
      <Filter>Header Files</Filter>
    </ClInclude>
    <ClInclude Include="paddoc.h">
      <Filter>Header Files</Filter>
    </ClInclude>
    <ClInclude Include="padframe.h">
      <Filter>Header Files</Filter>
    </ClInclude>
    <ClInclude Include="paditem.h">
      <Filter>Header Files</Filter>
    </ClInclude>
    <ClInclude Include="padview.h">
      <Filter>Header Files</Filter>
    </ClInclude>
    <ClInclude Include="pageset.h">
      <Filter>Header Files</Filter>
    </ClInclude>
    <ClInclude Include="stdafx.h">
      <Filter>Header Files</Filter>
    </ClInclude>
    <ClInclude Include="superpad.h">
      <Filter>Header Files</Filter>
    </ClInclude>
    <ClInclude Include="tabstop.h">
      <Filter>Header Files</Filter>
    </ClInclude>
  </ItemGroup>
  <ItemGroup>
    <None Include="res\itoolbar.bmp">
      <Filter>Resource Files</Filter>
    </None>
    <None Include="res\paddoc.ico">
      <Filter>Resource Files</Filter>
    </None>
    <None Include="res\superpad.ico">
      <Filter>Resource Files</Filter>
    </None>
    <None Include="res\toolbar.bmp">
      <Filter>Resource Files</Filter>
    </None>
  </ItemGroup>
  <ItemGroup>
    <ResourceCompile Include="superpad.rc">
      <Filter>Resource Files</Filter>
    </ResourceCompile>
  </ItemGroup>
</Project>