<?xml version="1.0" encoding="utf-8"?>
<Project ToolsVersion="4.0" xmlns="http://schemas.microsoft.com/developer/msbuild/2003">
  <ItemGroup>
    <Filter Include="Header Files">
      <UniqueIdentifier>{57be0fe2-6f81-4b53-af76-b280cef5c614}</UniqueIdentifier>
      <Extensions>h;hpp;hxx;inl;fi;fd</Extensions>
    </Filter>
    <Filter Include="Resource Files">
      <UniqueIdentifier>{76184c75-e3a4-487e-a9e9-45f5c3bce67f}</UniqueIdentifier>
      <Extensions>rc;ico;cur;bmp;dlg;rc2;rct;cnt;rtf;gif;jpg;jpeg;jpe</Extensions>
    </Filter>
    <Filter Include="Source Files">
      <UniqueIdentifier>{4e5cc5e3-2d7b-4647-ba8f-f7203d4ab11c}</UniqueIdentifier>
      <Extensions>cpp;c;cxx;def;r;odl;hpj;bat;for;f90</Extensions>
    </Filter>
  </ItemGroup>
  <ItemGroup>
    <ClCompile Include="Listvwex.cpp">
      <Filter>Source Files</Filter>
    </ClCompile>
    <ClCompile Include="MainFrm.cpp">
      <Filter>Source Files</Filter>
    </ClCompile>
    <ClCompile Include="RListDoc.cpp">
      <Filter>Source Files</Filter>
    </ClCompile>
    <ClCompile Include="RListVw.cpp">
      <Filter>Source Files</Filter>
    </ClCompile>
    <ClCompile Include="RowList.cpp">
      <Filter>Source Files</Filter>
    </ClCompile>
    <ClCompile Include="StdAfx.cpp">
      <Filter>Source Files</Filter>
    </ClCompile>
  </ItemGroup>
  <ItemGroup>
    <ClInclude Include="ListVwEx.h">
      <Filter>Header Files</Filter>
    </ClInclude>
    <ClInclude Include="MainFrm.h">
      <Filter>Header Files</Filter>
    </ClInclude>
    <ClInclude Include="RListDoc.h">
      <Filter>Header Files</Filter>
    </ClInclude>
    <ClInclude Include="RListVw.h">
      <Filter>Header Files</Filter>
    </ClInclude>
    <ClInclude Include="RowList.h">
      <Filter>Header Files</Filter>
    </ClInclude>
    <ClInclude Include="StdAfx.h">
      <Filter>Header Files</Filter>
    </ClInclude>
  </ItemGroup>
  <ItemGroup>
    <None Include="res\largeico.bmp">
      <Filter>Resource Files</Filter>
    </None>
    <None Include="res\RListDoc.ico">
      <Filter>Resource Files</Filter>
    </None>
    <None Include="res\RowList.ico">
      <Filter>Resource Files</Filter>
    </None>
    <None Include="res\RowList.rc2">
      <Filter>Resource Files</Filter>
    </None>
    <None Include="res\smallico.bmp">
      <Filter>Resource Files</Filter>
    </None>
    <None Include="res\stateico.bmp">
      <Filter>Resource Files</Filter>
    </None>
    <None Include="res\Toolbar.bmp">
      <Filter>Resource Files</Filter>
    </None>
  </ItemGroup>
  <ItemGroup>
    <ResourceCompile Include="RowList.rc">
      <Filter>Resource Files</Filter>
    </ResourceCompile>
  </ItemGroup>
</Project>