<?xml version="1.0" encoding="utf-8"?>
<Project ToolsVersion="4.0" xmlns="http://schemas.microsoft.com/developer/msbuild/2003">
  <ItemGroup>
    <Filter Include="Header Files">
      <UniqueIdentifier>{e40e7221-512d-4b26-adac-a2d26b2fccc0}</UniqueIdentifier>
      <Extensions>h;hpp;hxx;inl;fi;fd</Extensions>
    </Filter>
    <Filter Include="Resource Files">
      <UniqueIdentifier>{2c47b383-a525-490c-b677-8322019cab34}</UniqueIdentifier>
      <Extensions>rc;ico;cur;bmp;dlg;rc2;rct;cnt;rtf;gif;jpg;jpeg;jpe</Extensions>
    </Filter>
    <Filter Include="Source Files">
      <UniqueIdentifier>{c57282e9-35a1-48d7-b396-cdda5457e082}</UniqueIdentifier>
      <Extensions>cpp;c;cxx;def;r;odl;hpj;bat;for;f90</Extensions>
    </Filter>
  </ItemGroup>
  <ItemGroup>
    <ClCompile Include="autoclik.cpp">
      <Filter>Source Files</Filter>
    </ClCompile>
    <ClCompile Include="autoddlg.cpp">
      <Filter>Source Files</Filter>
    </ClCompile>
    <ClCompile Include="autodriv.cpp">
      <Filter>Source Files</Filter>
    </ClCompile>
    <ClCompile Include="stdafx.cpp">
      <Filter>Source Files</Filter>
    </ClCompile>
  </ItemGroup>
  <ItemGroup>
    <ResourceCompile Include="autodriv.rc">
      <Filter>Resource Files</Filter>
    </ResourceCompile>
  </ItemGroup>
  <ItemGroup>
    <CustomBuild Include="autoclik.h">
      <Filter>Header Files</Filter>
    </CustomBuild>
    <CustomBuild Include="autoddlg.h">
      <Filter>Header Files</Filter>
    </CustomBuild>
    <CustomBuild Include="autodriv.h">
      <Filter>Header Files</Filter>
    </CustomBuild>
    <CustomBuild Include="res\autodriv.ico">
      <Filter>Resource Files</Filter>
    </CustomBuild>
    <CustomBuild Include="res\autodriv.rc2">
      <Filter>Resource Files</Filter>
    </CustomBuild>
    <CustomBuild Include="stdafx.h">
      <Filter>Header Files</Filter>
    </CustomBuild>
  </ItemGroup>
</Project>