<?xml version="1.0" encoding="utf-8"?>
<Project ToolsVersion="4.0" xmlns="http://schemas.microsoft.com/developer/msbuild/2003">
  <ItemGroup>
    <Filter Include="Header Files">
      <UniqueIdentifier>{c95241d2-00c5-4ea1-8739-6330ea14f44b}</UniqueIdentifier>
      <Extensions>h;hpp;hxx;inl;fi;fd</Extensions>
    </Filter>
    <Filter Include="Resource Files">
      <UniqueIdentifier>{9345bfc2-3d1a-4f0e-9531-55e658459bb5}</UniqueIdentifier>
      <Extensions>rc;ico;cur;bmp;dlg;rc2;rct;cnt;rtf;gif;jpg;jpeg;jpe</Extensions>
    </Filter>
    <Filter Include="Source Files">
      <UniqueIdentifier>{5f6b4e41-3d71-43a5-9597-ab5e537670bb}</UniqueIdentifier>
      <Extensions>cpp;c;cxx;def;r;odl;hpj;bat;for;f90</Extensions>
    </Filter>
  </ItemGroup>
  <ItemGroup>
    <ClCompile Include="aclikdoc.cpp">
      <Filter>Source Files</Filter>
    </ClCompile>
    <ClCompile Include="aclikvw.cpp">
      <Filter>Source Files</Filter>
    </ClCompile>
    <ClCompile Include="autoclik.cpp">
      <Filter>Source Files</Filter>
    </ClCompile>
    <ClCompile Include="childfrm.cpp">
      <Filter>Source Files</Filter>
    </ClCompile>
    <ClCompile Include="clikpnt.cpp">
      <Filter>Source Files</Filter>
    </ClCompile>
    <ClCompile Include="dialogs.cpp">
      <Filter>Source Files</Filter>
    </ClCompile>
    <ClCompile Include="mainfrm.cpp">
      <Filter>Source Files</Filter>
    </ClCompile>
    <ClCompile Include="stdafx.cpp">
      <Filter>Source Files</Filter>
    </ClCompile>
  </ItemGroup>
  <ItemGroup>
    <None Include="res\aclikdoc.ico">
      <Filter>Resource Files</Filter>
    </None>
    <None Include="res\autoclik.ico">
      <Filter>Resource Files</Filter>
    </None>
    <None Include="res\toolbar.bmp">
      <Filter>Resource Files</Filter>
    </None>
  </ItemGroup>
  <ItemGroup>
    <ResourceCompile Include="autoclik.rc">
      <Filter>Resource Files</Filter>
    </ResourceCompile>
  </ItemGroup>
  <ItemGroup>
    <ClInclude Include="aclikdoc.h">
      <Filter>Header Files</Filter>
    </ClInclude>
    <ClInclude Include="aclikvw.h">
      <Filter>Header Files</Filter>
    </ClInclude>
    <ClInclude Include="autoclik.h">
      <Filter>Header Files</Filter>
    </ClInclude>
    <ClInclude Include="childfrm.h">
      <Filter>Header Files</Filter>
    </ClInclude>
    <ClInclude Include="clikpnt.h">
      <Filter>Header Files</Filter>
    </ClInclude>
    <ClInclude Include="dialogs.h">
      <Filter>Header Files</Filter>
    </ClInclude>
    <ClInclude Include="mainfrm.h">
      <Filter>Header Files</Filter>
    </ClInclude>
    <ClInclude Include="resource.h">
      <Filter>Header Files</Filter>
    </ClInclude>
    <ClInclude Include="stdafx.h">
      <Filter>Header Files</Filter>
    </ClInclude>
  </ItemGroup>
  <ItemGroup>
    <Midl Include="autoclik.odl">
      <Filter>Source Files</Filter>
    </Midl>
  </ItemGroup>
</Project>