<?xml version="1.0" encoding="utf-8"?>
<Project ToolsVersion="4.0" xmlns="http://schemas.microsoft.com/developer/msbuild/2003">
  <ItemGroup>
    <Filter Include="Generated Files">
      <UniqueIdentifier>{743a799a-6e00-4010-be62-3a6fe43204f2}</UniqueIdentifier>
      <SourceControlFiles>False</SourceControlFiles>
    </Filter>
    <Filter Include="Source Files">
      <UniqueIdentifier>{a9870f3b-dfe6-4cb0-ab0e-2bbdc913416d}</UniqueIdentifier>
      <Extensions>cpp;c;cxx;def;odl;idl;hpj;bat;asm</Extensions>
    </Filter>
  </ItemGroup>
  <ItemGroup>
    <ClCompile Include="dlldata.c">
      <Filter>Generated Files</Filter>
    </ClCompile>
    <ClCompile Include="_GameHistory_i.c">
      <Filter>Generated Files</Filter>
    </ClCompile>
    <ClCompile Include="_GameHistory_p.c">
      <Filter>Generated Files</Filter>
    </ClCompile>
  </ItemGroup>
  <ItemGroup>
    <None Include="GameHistoryps.def">
      <Filter>Source Files</Filter>
    </None>
  </ItemGroup>
</Project>