Microsoft Visual Studio Solution File, Format Version 10.00
# Visual Studio 2008
Project("{8BC9CEB8-8B4A-11D0-8D11-00A0C91BC942}") = "HierSvr", "hiersvr.vcproj", "{0636CC32-E16F-4423-8918-F418135A447D}"
EndProject
Global
	GlobalSection(SolutionConfigurationPlatforms) = preSolution
		Debug|Itanium = Debug|Itanium
		Debug|Win32 = Debug|Win32
		Debug|x64 = Debug|x64
		Release|Itanium = Release|Itanium
		Release|Win32 = Release|Win32
		Release|x64 = Release|x64
	EndGlobalSection
	GlobalSection(ProjectConfigurationPlatforms) = postSolution
		{0636CC32-E16F-4423-8918-F418135A447D}.Debug|Itanium.ActiveCfg = Debug|Itanium
		{0636CC32-E16F-4423-8918-F418135A447D}.Debug|Itanium.Build.0 = Debug|Itanium
		{0636CC32-E16F-4423-8918-F418135A447D}.Debug|Win32.ActiveCfg = Debug|Win32
		{0636CC32-E16F-4423-8918-F418135A447D}.Debug|Win32.Build.0 = Debug|Win32
		{0636CC32-E16F-4423-8918-F418135A447D}.Debug|x64.ActiveCfg = Debug|x64
		{0636CC32-E16F-4423-8918-F418135A447D}.Debug|x64.Build.0 = Debug|x64
		{0636CC32-E16F-4423-8918-F418135A447D}.Release|Itanium.ActiveCfg = Release|Itanium
		{0636CC32-E16F-4423-8918-F418135A447D}.Release|Itanium.Build.0 = Release|Itanium
		{0636CC32-E16F-4423-8918-F418135A447D}.Release|Win32.ActiveCfg = Release|Win32
		{0636CC32-E16F-4423-8918-F418135A447D}.Release|Win32.Build.0 = Release|Win32
		{0636CC32-E16F-4423-8918-F418135A447D}.Release|x64.ActiveCfg = Release|x64
		{0636CC32-E16F-4423-8918-F418135A447D}.Release|x64.Build.0 = Release|x64
	EndGlobalSection
	GlobalSection(SolutionProperties) = preSolution
		HideSolutionNode = FALSE
	EndGlobalSection
EndGlobal
