<?xml version="1.0" encoding="utf-8"?>
<Project ToolsVersion="4.0" xmlns="http://schemas.microsoft.com/developer/msbuild/2003">
  <ItemGroup>
    <Filter Include="Header Files">
      <UniqueIdentifier>{cbfaa4f3-6078-4867-9a23-a47261b4ab91}</UniqueIdentifier>
      <Extensions>h;hpp;hxx;hm;inl;fi;fd</Extensions>
    </Filter>
    <Filter Include="Resource Files">
      <UniqueIdentifier>{02f8ad39-2471-4950-bade-8feea971ec2f}</UniqueIdentifier>
      <Extensions>ico;cur;bmp;dlg;rc2;rct;bin;cnt;rtf;gif;jpg;jpeg;jpe</Extensions>
    </Filter>
    <Filter Include="Source Files">
      <UniqueIdentifier>{21e797c1-c1c9-4a25-9ce5-2888e1a9647f}</UniqueIdentifier>
      <Extensions>cpp;c;cxx;rc;def;r;odl;hpj;bat;for;f90</Extensions>
    </Filter>
  </ItemGroup>
  <ItemGroup>
    <None Include="res\Cat3Doc.ico">
      <Filter>Resource Files</Filter>
    </None>
    <None Include="res\CatDB.ico">
      <Filter>Resource Files</Filter>
    </None>
    <None Include="res\CatDB.rc2">
      <Filter>Resource Files</Filter>
    </None>
    <None Include="RES\CatDBDoc.ico">
      <Filter>Resource Files</Filter>
    </None>
    <None Include="res\toolbar1.bmp">
      <Filter>Resource Files</Filter>
    </None>
  </ItemGroup>
  <ItemGroup>
    <ResourceCompile Include="CatDB.rc">
      <Filter>Resource Files</Filter>
    </ResourceCompile>
  </ItemGroup>
  <ItemGroup>
    <ClInclude Include="CatDB.h">
      <Filter>Header Files</Filter>
    </ClInclude>
    <ClInclude Include="CatDBDoc.h">
      <Filter>Header Files</Filter>
    </ClInclude>
    <ClInclude Include="CatDBvw.h">
      <Filter>Header Files</Filter>
    </ClInclude>
    <ClInclude Include="colpage.h">
      <Filter>Header Files</Filter>
    </ClInclude>
    <ClInclude Include="MainFrm.h">
      <Filter>Header Files</Filter>
    </ClInclude>
    <ClInclude Include="StdAfx.h">
      <Filter>Header Files</Filter>
    </ClInclude>
    <ClInclude Include="tablepag.h">
      <Filter>Header Files</Filter>
    </ClInclude>
  </ItemGroup>
  <ItemGroup>
    <ClCompile Include="CatDB.cpp">
      <Filter>Source Files</Filter>
    </ClCompile>
    <ClCompile Include="CatDBDoc.cpp">
      <Filter>Source Files</Filter>
    </ClCompile>
    <ClCompile Include="CatDBvw.cpp">
      <Filter>Source Files</Filter>
    </ClCompile>
    <ClCompile Include="colpage.cpp">
      <Filter>Source Files</Filter>
    </ClCompile>
    <ClCompile Include="MainFrm.cpp">
      <Filter>Source Files</Filter>
    </ClCompile>
    <ClCompile Include="StdAfx.cpp">
      <Filter>Source Files</Filter>
    </ClCompile>
    <ClCompile Include="tablepag.cpp">
      <Filter>Source Files</Filter>
    </ClCompile>
  </ItemGroup>
</Project>