<?xml version="1.0" encoding="utf-8"?>
<Project ToolsVersion="4.0" xmlns="http://schemas.microsoft.com/developer/msbuild/2003">
  <ItemGroup>
    <Filter Include="Header Files">
      <UniqueIdentifier>{38ca622f-d0b1-428f-b4fa-7613cefb407a}</UniqueIdentifier>
      <Extensions>h;hpp;hxx;fi;fd</Extensions>
    </Filter>
    <Filter Include="Resource Files">
      <UniqueIdentifier>{a5599823-cf4f-4737-accc-ddd125f646a7}</UniqueIdentifier>
      <Extensions>ico;cur;bmp;rc2;cnt;rtf;rct</Extensions>
    </Filter>
    <Filter Include="Source Files">
      <UniqueIdentifier>{0452cd80-70d0-42f9-9a22-5c1fa65fe453}</UniqueIdentifier>
      <Extensions>cpp;c;cxx;rc;def;r;odl;hpj;bat;for;f90</Extensions>
    </Filter>
  </ItemGroup>
  <ItemGroup>
    <ClCompile Include="Ipdridoc.cpp">
      <Filter>Source Files</Filter>
    </ClCompile>
    <ClCompile Include="Ipdrive.cpp">
      <Filter>Source Files</Filter>
    </ClCompile>
    <ClCompile Include="Ipdrivw.cpp">
      <Filter>Source Files</Filter>
    </ClCompile>
    <ClCompile Include="Mainfrm.cpp">
      <Filter>Source Files</Filter>
    </ClCompile>
    <ClCompile Include="Stdafx.cpp">
      <Filter>Source Files</Filter>
    </ClCompile>
  </ItemGroup>
  <ItemGroup>
    <ClInclude Include="Ipdridoc.h">
      <Filter>Header Files</Filter>
    </ClInclude>
    <ClInclude Include="Ipdrive.h">
      <Filter>Header Files</Filter>
    </ClInclude>
    <ClInclude Include="Ipdrivw.h">
      <Filter>Header Files</Filter>
    </ClInclude>
    <ClInclude Include="Mainfrm.h">
      <Filter>Header Files</Filter>
    </ClInclude>
    <ClInclude Include="Resource.h">
      <Filter>Header Files</Filter>
    </ClInclude>
    <ClInclude Include="Stdafx.h">
      <Filter>Header Files</Filter>
    </ClInclude>
  </ItemGroup>
  <ItemGroup>
    <None Include="Res\Ipdrive.ico">
      <Filter>Resource Files</Filter>
    </None>
    <None Include="Res\Ipdrive.rc2">
      <Filter>Resource Files</Filter>
    </None>
    <None Include="Res\Toolbar.bmp">
      <Filter>Resource Files</Filter>
    </None>
  </ItemGroup>
  <ItemGroup>
    <ResourceCompile Include="Ipdrive.rc">
      <Filter>Source Files</Filter>
    </ResourceCompile>
  </ItemGroup>
</Project>