Microsoft Visual Studio Solution File, Format Version 10.00
# Visual Studio 2008
Project("{8BC9CEB8-8B4A-11D0-8D11-00A0C91BC942}") = "freclien", "freclien\freclien.vcproj", "{A78276B4-C8A1-4B6A-954C-9627FD9F1328}"
	ProjectSection(ProjectDependencies) = postProject
		{831CA153-CBC7-493F-8AF4-D172D89259C5} = {831CA153-CBC7-493F-8AF4-D172D89259C5}
	EndProjectSection
EndProject
Project("{8BC9CEB8-8B4A-11D0-8D11-00A0C91BC942}") = "freserve", "server\freserve.vcproj", "{831CA153-CBC7-493F-8AF4-D172D89259C5}"
EndProject
Global
	GlobalSection(SolutionConfigurationPlatforms) = preSolution
		Debug|Itanium = Debug|Itanium
		Debug|Win32 = Debug|Win32
		Debug|x64 = Debug|x64
		Release|Itanium = Release|Itanium
		Release|Win32 = Release|Win32
		Release|x64 = Release|x64
	EndGlobalSection
	GlobalSection(ProjectConfigurationPlatforms) = postSolution
		{A78276B4-C8A1-4B6A-954C-9627FD9F1328}.Debug|Itanium.ActiveCfg = Debug|Itanium
		{A78276B4-C8A1-4B6A-954C-9627FD9F1328}.Debug|Itanium.Build.0 = Debug|Itanium
		{A78276B4-C8A1-4B6A-954C-9627FD9F1328}.Debug|Win32.ActiveCfg = Debug|Win32
		{A78276B4-C8A1-4B6A-954C-9627FD9F1328}.Debug|Win32.Build.0 = Debug|Win32
		{A78276B4-C8A1-4B6A-954C-9627FD9F1328}.Debug|x64.ActiveCfg = Debug|x64
		{A78276B4-C8A1-4B6A-954C-9627FD9F1328}.Debug|x64.Build.0 = Debug|x64
		{A78276B4-C8A1-4B6A-954C-9627FD9F1328}.Release|Itanium.ActiveCfg = Release|Itanium
		{A78276B4-C8A1-4B6A-954C-9627FD9F1328}.Release|Itanium.Build.0 = Release|Itanium
		{A78276B4-C8A1-4B6A-954C-9627FD9F1328}.Release|Win32.ActiveCfg = Release|Win32
		{A78276B4-C8A1-4B6A-954C-9627FD9F1328}.Release|Win32.Build.0 = Release|Win32
		{A78276B4-C8A1-4B6A-954C-9627FD9F1328}.Release|x64.ActiveCfg = Release|x64
		{A78276B4-C8A1-4B6A-954C-9627FD9F1328}.Release|x64.Build.0 = Release|x64
		{831CA153-CBC7-493F-8AF4-D172D89259C5}.Debug|Itanium.ActiveCfg = Debug|Itanium
		{831CA153-CBC7-493F-8AF4-D172D89259C5}.Debug|Itanium.Build.0 = Debug|Itanium
		{831CA153-CBC7-493F-8AF4-D172D89259C5}.Debug|Win32.ActiveCfg = Debug|Win32
		{831CA153-CBC7-493F-8AF4-D172D89259C5}.Debug|Win32.Build.0 = Debug|Win32
		{831CA153-CBC7-493F-8AF4-D172D89259C5}.Debug|x64.ActiveCfg = Debug|x64
		{831CA153-CBC7-493F-8AF4-D172D89259C5}.Debug|x64.Build.0 = Debug|x64
		{831CA153-CBC7-493F-8AF4-D172D89259C5}.Release|Itanium.ActiveCfg = Release|Itanium
		{831CA153-CBC7-493F-8AF4-D172D89259C5}.Release|Itanium.Build.0 = Release|Itanium
		{831CA153-CBC7-493F-8AF4-D172D89259C5}.Release|Win32.ActiveCfg = Release|Win32
		{831CA153-CBC7-493F-8AF4-D172D89259C5}.Release|Win32.Build.0 = Release|Win32
		{831CA153-CBC7-493F-8AF4-D172D89259C5}.Release|x64.ActiveCfg = Release|x64
		{831CA153-CBC7-493F-8AF4-D172D89259C5}.Release|x64.Build.0 = Release|x64
	EndGlobalSection
	GlobalSection(SolutionProperties) = preSolution
		HideSolutionNode = FALSE
	EndGlobalSection
EndGlobal
