<?xml version="1.0" encoding="utf-8"?>
<Project ToolsVersion="4.0" xmlns="http://schemas.microsoft.com/developer/msbuild/2003">
  <ItemGroup>
    <Filter Include="Header Files">
      <UniqueIdentifier>{471d7ccd-e98b-4a46-a3f4-baa1cea51e0f}</UniqueIdentifier>
      <Extensions>h;hpp;hxx;fi;fd</Extensions>
    </Filter>
    <Filter Include="Resource Files">
      <UniqueIdentifier>{c1541914-a03e-43d4-abdc-ba2913bfcc6c}</UniqueIdentifier>
      <Extensions>ico;cur;bmp;rc2;cnt;rtf;rct</Extensions>
    </Filter>
    <Filter Include="Source Files">
      <UniqueIdentifier>{30ffb304-ff05-4442-9520-74d9b2a01df6}</UniqueIdentifier>
      <Extensions>cpp;c;cxx;rc;def;r;odl;hpj;bat;for;f90</Extensions>
    </Filter>
  </ItemGroup>
  <ItemGroup>
    <ClCompile Include="calcdriv.cpp">
      <Filter>Source Files</Filter>
    </ClCompile>
    <ClCompile Include="Stdafx.cpp">
      <Filter>Source Files</Filter>
    </ClCompile>
  </ItemGroup>
  <ItemGroup>
    <None Include="Res\Calcdriv.ico">
      <Filter>Resource Files</Filter>
    </None>
    <None Include="Res\Calcdriv.rc2">
      <Filter>Resource Files</Filter>
    </None>
  </ItemGroup>
  <ItemGroup>
    <ClInclude Include="Calcdriv.h">
      <Filter>Header Files</Filter>
    </ClInclude>
    <ClInclude Include="Stdafx.h">
      <Filter>Header Files</Filter>
    </ClInclude>
  </ItemGroup>
  <ItemGroup>
    <ResourceCompile Include="Calcdriv.rc">
      <Filter>Source Files</Filter>
    </ResourceCompile>
  </ItemGroup>
</Project>