<?xml version="1.0" encoding="utf-8"?>
<Project ToolsVersion="4.0" xmlns="http://schemas.microsoft.com/developer/msbuild/2003">
  <ItemGroup>
    <Filter Include="Header Files">
      <UniqueIdentifier>{88545046-f536-4137-a611-a7bd36a6438b}</UniqueIdentifier>
      <Extensions>h;hpp;hxx;inl;fi;fd</Extensions>
    </Filter>
    <Filter Include="Resource Files">
      <UniqueIdentifier>{2fd6e75f-9c0d-4ca9-9a8c-f4822c7272d4}</UniqueIdentifier>
      <Extensions>rc;ico;cur;bmp;dlg;rc2;rct;cnt;rtf;gif;jpg;jpeg;jpe</Extensions>
    </Filter>
    <Filter Include="Source Files">
      <UniqueIdentifier>{412925f0-ff4a-4602-a19b-f320a3a9a633}</UniqueIdentifier>
      <Extensions>cpp;c;cxx;def;r;odl;hpj;bat;for;f90</Extensions>
    </Filter>
  </ItemGroup>
  <ItemGroup>
    <ClCompile Include="ABOUTDLG.CPP">
      <Filter>Source Files</Filter>
    </ClCompile>
    <ClCompile Include="Dlgbars.cpp">
      <Filter>Source Files</Filter>
    </ClCompile>
    <ClCompile Include="DLGCBAR.CPP">
      <Filter>Source Files</Filter>
    </ClCompile>
    <ClCompile Include="MDLSMAIN.CPP">
      <Filter>Source Files</Filter>
    </ClCompile>
    <ClCompile Include="MODELESS.CPP">
      <Filter>Source Files</Filter>
    </ClCompile>
    <ClCompile Include="RATEDLG.CPP">
      <Filter>Source Files</Filter>
    </ClCompile>
    <ClCompile Include="STDAFX.CPP">
      <Filter>Source Files</Filter>
    </ClCompile>
    <ClCompile Include="WNDLIST.CPP">
      <Filter>Source Files</Filter>
    </ClCompile>
  </ItemGroup>
  <ItemGroup>
    <None Include="RES\DLGCBAR.ICO">
      <Filter>Resource Files</Filter>
    </None>
    <None Include="res\Toolbar.bmp">
      <Filter>Resource Files</Filter>
    </None>
  </ItemGroup>
  <ItemGroup>
    <ResourceCompile Include="DLGCBAR.RC">
      <Filter>Resource Files</Filter>
    </ResourceCompile>
  </ItemGroup>
  <ItemGroup>
    <ClInclude Include="Aboutdlg.h">
      <Filter>Header Files</Filter>
    </ClInclude>
    <ClInclude Include="Dlgbars.h">
      <Filter>Header Files</Filter>
    </ClInclude>
    <ClInclude Include="Dlgcbar.h">
      <Filter>Header Files</Filter>
    </ClInclude>
    <ClInclude Include="Mdlsmain.h">
      <Filter>Header Files</Filter>
    </ClInclude>
    <ClInclude Include="Modeless.h">
      <Filter>Header Files</Filter>
    </ClInclude>
    <ClInclude Include="Ratedlg.h">
      <Filter>Header Files</Filter>
    </ClInclude>
    <ClInclude Include="stdafx.h">
      <Filter>Header Files</Filter>
    </ClInclude>
    <ClInclude Include="Wndlist.h">
      <Filter>Header Files</Filter>
    </ClInclude>
  </ItemGroup>
</Project>