<?xml version="1.0" encoding="utf-8"?>
<Project ToolsVersion="4.0" xmlns="http://schemas.microsoft.com/developer/msbuild/2003">
  <ItemGroup>
    <Filter Include="Header Files">
      <UniqueIdentifier>{a4b36183-5525-4c76-b435-7355e06f8139}</UniqueIdentifier>
      <Extensions>h;hpp;hxx;hm;inl;fi;fd</Extensions>
    </Filter>
    <Filter Include="Resource Files">
      <UniqueIdentifier>{77a11fb4-20f6-4814-8a5b-fcab14222f66}</UniqueIdentifier>
      <Extensions>ico;cur;bmp;dlg;rc;rc2;rct;bin;cnt;rtf;gif;jpg;jpeg;jpe</Extensions>
    </Filter>
    <Filter Include="Source Files">
      <UniqueIdentifier>{ce2c84fc-b266-4212-8e9a-3409a4e73fe2}</UniqueIdentifier>
      <Extensions>cpp;c;cxx;def;r;odl;hpj;bat;for;f90</Extensions>
    </Filter>
  </ItemGroup>
  <ItemGroup>
    <ClCompile Include="DrawObj.cpp">
      <Filter>Source Files</Filter>
    </ClCompile>
    <ClCompile Include="DrawServ.cpp">
      <Filter>Source Files</Filter>
    </ClCompile>
    <ClCompile Include="predraw.cpp">
      <Filter>Source Files</Filter>
    </ClCompile>
  </ItemGroup>
  <ItemGroup>
    <Midl Include="DrawServ.idl">
      <Filter>Source Files</Filter>
    </Midl>
  </ItemGroup>
  <ItemGroup>
    <ClInclude Include="CPIDServ.h">
      <Filter>Header Files</Filter>
    </ClInclude>
    <ClInclude Include="DrawObj.h">
      <Filter>Header Files</Filter>
    </ClInclude>
    <ClInclude Include="predraw.h">
      <Filter>Header Files</Filter>
    </ClInclude>
  </ItemGroup>
  <ItemGroup>
    <None Include="DrawObj.rgs">
      <Filter>Resource Files</Filter>
    </None>
    <None Include="DrawServ.rgs">
      <Filter>Resource Files</Filter>
    </None>
  </ItemGroup>
  <ItemGroup>
    <ResourceCompile Include="DrawServ.rc">
      <Filter>Resource Files</Filter>
    </ResourceCompile>
  </ItemGroup>
</Project>