<?xml version="1.0" encoding="utf-8"?>
<Project ToolsVersion="4.0" xmlns="http://schemas.microsoft.com/developer/msbuild/2003">
  <ItemGroup>
    <Filter Include="Header Files">
      <UniqueIdentifier>{8eb53543-93ae-42a0-b7dc-82304653a8e4}</UniqueIdentifier>
      <Extensions>h;hpp;hxx;hm;inl;fi;fd</Extensions>
    </Filter>
    <Filter Include="Resource Files">
      <UniqueIdentifier>{aa949f6b-012e-439b-acfb-73d934c75ed1}</UniqueIdentifier>
      <Extensions>ico;cur;bmp;dlg;rc;rc2;rct;bin;cnt;rtf;gif;jpg;jpeg;jpe</Extensions>
    </Filter>
    <Filter Include="Source Files">
      <UniqueIdentifier>{192b05a3-1b27-4c09-93e4-6773d2789df5}</UniqueIdentifier>
      <Extensions>cpp;c;cxx;def;r;odl;hpj;bat;for;f90</Extensions>
    </Filter>
  </ItemGroup>
  <ItemGroup>
    <ClCompile Include="Agg.cpp">
      <Filter>Source Files</Filter>
    </ClCompile>
    <ClCompile Include="AggBlind.cpp">
      <Filter>Source Files</Filter>
    </ClCompile>
    <ClCompile Include="Aggreg.cpp">
      <Filter>Source Files</Filter>
    </ClCompile>
    <ClCompile Include="AutoAgg.cpp">
      <Filter>Source Files</Filter>
    </ClCompile>
    <ClCompile Include="AutoAggB.cpp">
      <Filter>Source Files</Filter>
    </ClCompile>
    <ClCompile Include="preagg.cpp">
      <Filter>Source Files</Filter>
    </ClCompile>
  </ItemGroup>
  <ItemGroup>
    <Midl Include="Aggreg.idl">
      <Filter>Source Files</Filter>
    </Midl>
  </ItemGroup>
  <ItemGroup>
    <ClInclude Include="Agg.h">
      <Filter>Header Files</Filter>
    </ClInclude>
    <ClInclude Include="AggBlind.h">
      <Filter>Header Files</Filter>
    </ClInclude>
    <ClInclude Include="AutoAgg.h">
      <Filter>Header Files</Filter>
    </ClInclude>
    <ClInclude Include="AutoAggB.h">
      <Filter>Header Files</Filter>
    </ClInclude>
    <ClInclude Include="preagg.h">
      <Filter>Header Files</Filter>
    </ClInclude>
    <ClInclude Include="resource.h">
      <Filter>Header Files</Filter>
    </ClInclude>
  </ItemGroup>
  <ItemGroup>
    <None Include="Agg.rgs">
      <Filter>Resource Files</Filter>
    </None>
    <None Include="AggBlind.rgs">
      <Filter>Resource Files</Filter>
    </None>
    <None Include="Aggreg.def">
      <Filter>Source Files</Filter>
    </None>
    <None Include="AutoAgg.rgs">
      <Filter>Resource Files</Filter>
    </None>
    <None Include="AutoAggB.rgs">
      <Filter>Resource Files</Filter>
    </None>
  </ItemGroup>
  <ItemGroup>
    <ResourceCompile Include="Aggreg.rc">
      <Filter>Resource Files</Filter>
    </ResourceCompile>
  </ItemGroup>
</Project>