Microsoft Visual Studio Solution File, Format Version 10.00
# Visual Studio 2008
Project("{8BC9CEB8-8B4A-11D0-8D11-00A0C91BC942}") = "CreateDocFile", "CreateDocFile.vcproj", "{FFB6C976-1120-4927-A420-22A135520FD9}"
	ProjectSection(ProjectDependencies) = postProject
		{763D04F6-7BB9-45E6-AEC2-518CF607C774} = {763D04F6-7BB9-45E6-AEC2-518CF607C774}
	EndProjectSection
EndProject
Project("{8BC9CEB8-8B4A-11D0-8D11-00A0C91BC942}") = "ActiveDoc", "ActiveDoc.vcproj", "{763D04F6-7BB9-45E6-AEC2-518CF607C774}"
EndProject
Global
	GlobalSection(SolutionConfigurationPlatforms) = preSolution
		Debug|Win32 = Debug|Win32
		Debug|x64 = Debug|x64
		Debug|Itanium = Debug|Itanium
		Release|Win32 = Release|Win32
		Release|x64 = Release|x64
		Release|Itanium = Release|Itanium
	EndGlobalSection
	GlobalSection(ProjectConfigurationPlatforms) = postSolution
		{FFB6C976-1120-4927-A420-22A135520FD9}.Debug|Win32.ActiveCfg = Debug|Win32
		{FFB6C976-1120-4927-A420-22A135520FD9}.Debug|Win32.Build.0 = Debug|Win32
		{FFB6C976-1120-4927-A420-22A135520FD9}.Debug|x64.ActiveCfg = Debug|x64
		{FFB6C976-1120-4927-A420-22A135520FD9}.Debug|x64.Build.0 = Debug|x64
		{FFB6C976-1120-4927-A420-22A135520FD9}.Debug|Itanium.ActiveCfg = Debug|Itanium
		{FFB6C976-1120-4927-A420-22A135520FD9}.Debug|Itanium.Build.0 = Debug|Itanium
		{FFB6C976-1120-4927-A420-22A135520FD9}.Release|Win32.ActiveCfg = Release|Win32
		{FFB6C976-1120-4927-A420-22A135520FD9}.Release|Win32.Build.0 = Release|Win32
		{FFB6C976-1120-4927-A420-22A135520FD9}.Release|x64.ActiveCfg = Release|x64
		{FFB6C976-1120-4927-A420-22A135520FD9}.Release|x64.Build.0 = Release|x64
		{FFB6C976-1120-4927-A420-22A135520FD9}.Release|Itanium.ActiveCfg = Release|Itanium
		{FFB6C976-1120-4927-A420-22A135520FD9}.Release|Itanium.Build.0 = Release|Itanium
		{763D04F6-7BB9-45E6-AEC2-518CF607C774}.Debug|Win32.ActiveCfg = Debug|Win32
		{763D04F6-7BB9-45E6-AEC2-518CF607C774}.Debug|Win32.Build.0 = Debug|Win32
		{763D04F6-7BB9-45E6-AEC2-518CF607C774}.Debug|x64.ActiveCfg = Debug|x64
		{763D04F6-7BB9-45E6-AEC2-518CF607C774}.Debug|x64.Build.0 = Debug|x64
		{763D04F6-7BB9-45E6-AEC2-518CF607C774}.Debug|Itanium.ActiveCfg = Debug|Itanium
		{763D04F6-7BB9-45E6-AEC2-518CF607C774}.Debug|Itanium.Build.0 = Debug|Itanium
		{763D04F6-7BB9-45E6-AEC2-518CF607C774}.Release|Win32.ActiveCfg = Release|Win32
		{763D04F6-7BB9-45E6-AEC2-518CF607C774}.Release|Win32.Build.0 = Release|Win32
		{763D04F6-7BB9-45E6-AEC2-518CF607C774}.Release|x64.ActiveCfg = Release|x64
		{763D04F6-7BB9-45E6-AEC2-518CF607C774}.Release|x64.Build.0 = Release|x64
		{763D04F6-7BB9-45E6-AEC2-518CF607C774}.Release|Itanium.ActiveCfg = Release|Itanium
		{763D04F6-7BB9-45E6-AEC2-518CF607C774}.Release|Itanium.Build.0 = Release|Itanium
	EndGlobalSection
	GlobalSection(SolutionProperties) = preSolution
		HideSolutionNode = FALSE
	EndGlobalSection
EndGlobal
