<?xml version="1.0" encoding="utf-8"?>
<Project ToolsVersion="4.0" xmlns="http://schemas.microsoft.com/developer/msbuild/2003">
  <ItemGroup>
    <Filter Include="Header Files">
      <UniqueIdentifier>{5d755ba4-ee14-4abc-8898-c96444918f99}</UniqueIdentifier>
      <Extensions>h;hpp;hxx;fi;fd</Extensions>
    </Filter>
    <Filter Include="Resource Files">
      <UniqueIdentifier>{3506ab53-4a7f-4405-8a51-d2b37e70a9e9}</UniqueIdentifier>
      <Extensions>ico;cur;bmp;rc2;cnt;rtf;rct</Extensions>
    </Filter>
    <Filter Include="Source Files">
      <UniqueIdentifier>{437a60b2-d1b4-49a2-979a-a6d65a5816b6}</UniqueIdentifier>
      <Extensions>cpp;c;cxx;rc;def;r;odl;hpj;bat;for;f90</Extensions>
    </Filter>
  </ItemGroup>
  <ItemGroup>
    <ResourceCompile Include="mfccalc.rc">
      <Filter>Source Files</Filter>
    </ResourceCompile>
  </ItemGroup>
  <ItemGroup>
    <ClCompile Include="calcdlg.cpp">
      <Filter>Source Files</Filter>
    </ClCompile>
    <ClCompile Include="mfccalc.cpp">
      <Filter>Source Files</Filter>
    </ClCompile>
    <ClCompile Include="stdafx.cpp">
      <Filter>Source Files</Filter>
    </ClCompile>
  </ItemGroup>
  <ItemGroup>
    <None Include="res\mfccalc.ico">
      <Filter>Resource Files</Filter>
    </None>
    <None Include="res\mfccalc.rc2">
      <Filter>Resource Files</Filter>
    </None>
  </ItemGroup>
  <ItemGroup>
    <ClInclude Include="calcdlg.h">
      <Filter>Header Files</Filter>
    </ClInclude>
    <ClInclude Include="mfccalc.h">
      <Filter>Header Files</Filter>
    </ClInclude>
    <ClInclude Include="stdafx.h">
      <Filter>Header Files</Filter>
    </ClInclude>
  </ItemGroup>
  <ItemGroup>
    <Midl Include="mfccalc.odl">
      <Filter>Source Files</Filter>
    </Midl>
  </ItemGroup>
</Project>