<?xml version="1.0" encoding="utf-8"?>
<Project ToolsVersion="4.0" xmlns="http://schemas.microsoft.com/developer/msbuild/2003">
  <ItemGroup>
    <Filter Include="Header Files">
      <UniqueIdentifier>{706bf808-4479-4b03-b095-dcbf4d93d95f}</UniqueIdentifier>
      <Extensions>h;hpp;hxx;hm;inl</Extensions>
    </Filter>
    <Filter Include="Resource Files">
      <UniqueIdentifier>{ddc43587-8e70-4c11-b27b-a6dcf8d92603}</UniqueIdentifier>
      <Extensions>rc;ico;cur;bmp;dlg;rc2;rct;cnt;rtf;gif;jpg;jpeg;jpe</Extensions>
    </Filter>
    <Filter Include="Source Files">
      <UniqueIdentifier>{4eb80bd7-38ea-4d39-a533-d874bb1bcc35}</UniqueIdentifier>
      <Extensions>cpp;c;cxx;def;r;odl;idl;hpj;bat</Extensions>
    </Filter>
  </ItemGroup>
  <ItemGroup>
    <ClCompile Include="DHtmlExplore.cpp">
      <Filter>Source Files</Filter>
    </ClCompile>
    <ClCompile Include="DHtmlExploreDlg.cpp">
      <Filter>Source Files</Filter>
    </ClCompile>
    <ClCompile Include="PropertiesDlg.cpp">
      <Filter>Source Files</Filter>
    </ClCompile>
    <ClCompile Include="StdAfx.cpp">
      <Filter>Source Files</Filter>
    </ClCompile>
  </ItemGroup>
  <ItemGroup>
    <None Include="res\DHtmlExplore.ico">
      <Filter>Resource Files</Filter>
    </None>
    <None Include="res\DHtmlExplore.rc2">
      <Filter>Resource Files</Filter>
    </None>
    <None Include="res\explore.htm">
      <Filter>Resource Files</Filter>
    </None>
    <None Include="res\File.gif">
      <Filter>Resource Files</Filter>
    </None>
    <None Include="res\Folder.gif">
      <Filter>Resource Files</Filter>
    </None>
    <None Include="res\properties.htm">
      <Filter>Resource Files</Filter>
    </None>
  </ItemGroup>
  <ItemGroup>
    <ResourceCompile Include="DHtmlExplore.rc">
      <Filter>Resource Files</Filter>
    </ResourceCompile>
  </ItemGroup>
  <ItemGroup>
    <ClInclude Include="DHtmlExplore.h">
      <Filter>Header Files</Filter>
    </ClInclude>
    <ClInclude Include="DHtmlExploreDlg.h">
      <Filter>Header Files</Filter>
    </ClInclude>
    <ClInclude Include="PropertiesDlg.h">
      <Filter>Header Files</Filter>
    </ClInclude>
    <ClInclude Include="resource.h">
      <Filter>Header Files</Filter>
    </ClInclude>
    <ClInclude Include="StdAfx.h">
      <Filter>Header Files</Filter>
    </ClInclude>
  </ItemGroup>
</Project>