<?xml version="1.0" encoding="utf-8"?>
<Project ToolsVersion="4.0" xmlns="http://schemas.microsoft.com/developer/msbuild/2003">
  <ItemGroup>
    <Filter Include="Header Files">
      <UniqueIdentifier>{1e013e0e-6ec5-4855-947b-d982a380a41a}</UniqueIdentifier>
      <Extensions>h;hpp;hxx;inl;fi;fd</Extensions>
    </Filter>
    <Filter Include="Resource Files">
      <UniqueIdentifier>{01c1acca-a072-4f30-bd2e-91ef8c16b211}</UniqueIdentifier>
      <Extensions>rc;ico;cur;bmp;dlg;rc2;rct;cnt;rtf;gif;jpg;jpeg;jpe</Extensions>
    </Filter>
    <Filter Include="Source Files">
      <UniqueIdentifier>{e0680166-c077-409f-850b-050a2b4b8c6b}</UniqueIdentifier>
      <Extensions>cpp;c;cxx;def;r;odl;hpj;bat;for;f90</Extensions>
    </Filter>
  </ItemGroup>
  <ItemGroup>
    <ClCompile Include="BkfstPg.cpp">
      <Filter>Source Files</Filter>
    </ClCompile>
    <ClCompile Include="ChildFrm.cpp">
      <Filter>Source Files</Filter>
    </ClCompile>
    <ClCompile Include="DinnerPg.cpp">
      <Filter>Source Files</Filter>
    </ClCompile>
    <ClCompile Include="LunchPg.cpp">
      <Filter>Source Files</Filter>
    </ClCompile>
    <ClCompile Include="MainFrm.cpp">
      <Filter>Source Files</Filter>
    </ClCompile>
    <ClCompile Include="SnapDoc.cpp">
      <Filter>Source Files</Filter>
    </ClCompile>
    <ClCompile Include="SnapPs.cpp">
      <Filter>Source Files</Filter>
    </ClCompile>
    <ClCompile Include="SnapView.cpp">
      <Filter>Source Files</Filter>
    </ClCompile>
    <ClCompile Include="snapvw.cpp">
      <Filter>Source Files</Filter>
    </ClCompile>
    <ClCompile Include="StdAfx.cpp">
      <Filter>Source Files</Filter>
    </ClCompile>
  </ItemGroup>
  <ItemGroup>
    <None Include="RES\SNAP.ICO">
      <Filter>Resource Files</Filter>
    </None>
    <None Include="RES\SNAP.RC2">
      <Filter>Resource Files</Filter>
    </None>
    <None Include="RES\SNAPDOC.ICO">
      <Filter>Resource Files</Filter>
    </None>
    <None Include="RES\Toolbar.bmp">
      <Filter>Resource Files</Filter>
    </None>
  </ItemGroup>
  <ItemGroup>
    <ResourceCompile Include="snapvw.rc">
      <Filter>Resource Files</Filter>
    </ResourceCompile>
  </ItemGroup>
  <ItemGroup>
    <ClInclude Include="BkfstPg.h">
      <Filter>Header Files</Filter>
    </ClInclude>
    <ClInclude Include="childfrm.h">
      <Filter>Header Files</Filter>
    </ClInclude>
    <ClInclude Include="DinnerPg.h">
      <Filter>Header Files</Filter>
    </ClInclude>
    <ClInclude Include="LunchPg.h">
      <Filter>Header Files</Filter>
    </ClInclude>
    <ClInclude Include="mainfrm.h">
      <Filter>Header Files</Filter>
    </ClInclude>
    <ClInclude Include="snapdoc.h">
      <Filter>Header Files</Filter>
    </ClInclude>
    <ClInclude Include="SnapPs.h">
      <Filter>Header Files</Filter>
    </ClInclude>
    <ClInclude Include="snapview.h">
      <Filter>Header Files</Filter>
    </ClInclude>
    <ClInclude Include="snapvw.h">
      <Filter>Header Files</Filter>
    </ClInclude>
    <ClInclude Include="StdAfx.h">
      <Filter>Header Files</Filter>
    </ClInclude>
  </ItemGroup>
</Project>