<?xml version="1.0" encoding="utf-8"?>
<Project ToolsVersion="4.0" xmlns="http://schemas.microsoft.com/developer/msbuild/2003">
  <ItemGroup>
    <Filter Include="Header Files">
      <UniqueIdentifier>{810d22e6-9b59-45bb-9ead-51133a4df3d9}</UniqueIdentifier>
      <Extensions>h;hpp;hxx;hm;inl</Extensions>
    </Filter>
    <Filter Include="Resource Files">
      <UniqueIdentifier>{6cb98542-d7ab-4aef-af7e-dcca41517ee3}</UniqueIdentifier>
      <Extensions>rc;ico;cur;bmp;dlg;rc2;rct;bin;rgs;gif;jpg;jpeg;jpe</Extensions>
    </Filter>
    <Filter Include="Source Files">
      <UniqueIdentifier>{2f2f0e93-5acc-49f7-a0cf-d8f45e848886}</UniqueIdentifier>
      <Extensions>cpp;c;cxx;def;r;odl;idl;hpj;bat</Extensions>
    </Filter>
  </ItemGroup>
  <ItemGroup>
    <Midl Include="ATLCollections.idl">
      <Filter>Source Files</Filter>
    </Midl>
  </ItemGroup>
  <ItemGroup>
    <ClCompile Include="ATLCollections.cpp">
      <Filter>Source Files</Filter>
    </ClCompile>
    <ClCompile Include="MapCollection.cpp">
      <Filter>Source Files</Filter>
    </ClCompile>
    <ClCompile Include="StdAfx.cpp">
      <Filter>Source Files</Filter>
    </ClCompile>
    <ClCompile Include="StringCollection.cpp">
      <Filter>Source Files</Filter>
    </ClCompile>
  </ItemGroup>
  <ItemGroup>
    <ResourceCompile Include="ATLCollections.rc">
      <Filter>Resource Files</Filter>
    </ResourceCompile>
  </ItemGroup>
  <ItemGroup>
    <None Include="ATLCollections.def">
      <Filter>Source Files</Filter>
    </None>
    <None Include="MapCollection.rgs">
      <Filter>Resource Files</Filter>
    </None>
    <None Include="StringCollection.rgs">
      <Filter>Resource Files</Filter>
    </None>
  </ItemGroup>
  <ItemGroup>
    <ClInclude Include="MapCollection.h">
      <Filter>Header Files</Filter>
    </ClInclude>
    <ClInclude Include="Resource.h">
      <Filter>Header Files</Filter>
    </ClInclude>
    <ClInclude Include="Reuse\VCUE_Collection.h">
      <Filter>Header Files</Filter>
    </ClInclude>
    <ClInclude Include="Reuse\VCUE_Copy.h">
      <Filter>Header Files</Filter>
    </ClInclude>
    <ClInclude Include="Reuse\VCUE_CopyString.h">
      <Filter>Header Files</Filter>
    </ClInclude>
    <ClInclude Include="StdAfx.h">
      <Filter>Header Files</Filter>
    </ClInclude>
    <ClInclude Include="StringCollection.h">
      <Filter>Header Files</Filter>
    </ClInclude>
  </ItemGroup>
</Project>