<?xml version="1.0" encoding="utf-8"?>
<Project ToolsVersion="4.0" xmlns="http://schemas.microsoft.com/developer/msbuild/2003">
  <ItemGroup>
    <Filter Include="Header Files">
      <UniqueIdentifier>{da13df59-228e-4de5-9fe8-e20b1ec3c5f3}</UniqueIdentifier>
      <Extensions>h;hpp;hxx;hm;inl;fi;fd</Extensions>
    </Filter>
    <Filter Include="Resource Files">
      <UniqueIdentifier>{fff31c02-30f9-4c51-a848-900ce8e3dfea}</UniqueIdentifier>
      <Extensions>ico;cur;bmp;dlg;rc;rc2;rct;bin;cnt;rtf;gif;jpg;jpeg;jpe</Extensions>
    </Filter>
    <Filter Include="Source Files">
      <UniqueIdentifier>{e4391f23-d47c-480d-90a6-95443d183867}</UniqueIdentifier>
      <Extensions>cpp;c;cxx;def;r;odl;hpj;bat;for;f90</Extensions>
    </Filter>
  </ItemGroup>
  <ItemGroup>
    <ClCompile Include="CircProps.cpp">
      <Filter>Source Files</Filter>
    </ClCompile>
    <ClCompile Include="StdAfx.cpp">
      <Filter>Source Files</Filter>
    </ClCompile>
  </ItemGroup>
  <ItemGroup>
    <ClInclude Include="circprres.h">
      <Filter>Header Files</Filter>
    </ClInclude>
  </ItemGroup>
  <ItemGroup>
    <ResourceCompile Include="circprops.rc">
      <Filter>Resource Files</Filter>
    </ResourceCompile>
  </ItemGroup>
  <ItemGroup>
    <CustomBuild Include="circprops.def">
      <Filter>Source Files</Filter>
    </CustomBuild>
    <CustomBuild Include="circProps.h">
      <Filter>Header Files</Filter>
    </CustomBuild>
    <CustomBuild Include="circprops.rgs" />
    <CustomBuild Include="StdAfx.h">
      <Filter>Header Files</Filter>
    </CustomBuild>
  </ItemGroup>
</Project>