<?xml version="1.0" encoding="utf-8"?>
<Project ToolsVersion="4.0" xmlns="http://schemas.microsoft.com/developer/msbuild/2003">
  <ItemGroup>
    <Filter Include="Header Files">
      <UniqueIdentifier>{94e8ecb2-91d0-4c68-a4b3-298ba6613c92}</UniqueIdentifier>
      <Extensions>h;hpp;hxx;hm;inl;inc</Extensions>
    </Filter>
    <Filter Include="HTML Help Files">
      <UniqueIdentifier>{64957c68-3855-44b2-9ac9-8ba1de3554aa}</UniqueIdentifier>
      <Extensions>hhp;hhc;hhk;gif;jpg</Extensions>
    </Filter>
    <Filter Include="HTML Help Topics">
      <UniqueIdentifier>{15211c45-b52a-4d87-8282-edb43026bfbe}</UniqueIdentifier>
      <Extensions>htm;html</Extensions>
    </Filter>
    <Filter Include="Resource Files">
      <UniqueIdentifier>{b6d30879-669d-4f6b-bad7-571070c7441f}</UniqueIdentifier>
      <Extensions>rc;ico;cur;bmp;dlg;rc2;rct;bin;rgs;gif;jpg;jpeg;jpe</Extensions>
    </Filter>
    <Filter Include="Source Files">
      <UniqueIdentifier>{b40180db-6da1-48b9-befe-1de272ef8ff2}</UniqueIdentifier>
      <Extensions>cpp;c;cxx;def;odl;idl;hpj;bat;asm</Extensions>
    </Filter>
  </ItemGroup>
  <ItemGroup>
    <None Include="hlp\main.htm">
      <Filter>HTML Help Topics</Filter>
    </None>
    <None Include="hlp\TraceTool.hhc">
      <Filter>HTML Help Files</Filter>
    </None>
    <None Include="hlp\TraceTool.hhk">
      <Filter>HTML Help Files</Filter>
    </None>
    <None Include="makehelp.bat">
      <Filter>Source Files</Filter>
    </None>
    <None Include="res\TraceTool.ico">
      <Filter>Resource Files</Filter>
    </None>
    <None Include="res\TraceTool.rc2">
      <Filter>Resource Files</Filter>
    </None>
  </ItemGroup>
  <ItemGroup>
    <ClCompile Include="stdafx.cpp">
      <Filter>Source Files</Filter>
    </ClCompile>
    <ClCompile Include="TraceTool.cpp">
      <Filter>Source Files</Filter>
    </ClCompile>
    <ClCompile Include="TraceToolDlg.cpp">
      <Filter>Source Files</Filter>
    </ClCompile>
  </ItemGroup>
  <ItemGroup>
    <ClInclude Include="stdafx.h">
      <Filter>Header Files</Filter>
    </ClInclude>
    <ClInclude Include="TraceTool.h">
      <Filter>Header Files</Filter>
    </ClInclude>
    <ClInclude Include="TraceToolDlg.h">
      <Filter>Header Files</Filter>
    </ClInclude>
  </ItemGroup>
  <ItemGroup>
    <ResourceCompile Include="TraceTool.rc">
      <Filter>Resource Files</Filter>
    </ResourceCompile>
  </ItemGroup>
  <ItemGroup>
    <CustomBuild Include="hlp\TraceTool.hhp">
      <Filter>HTML Help Files</Filter>
    </CustomBuild>
    <CustomBuild Include="Resource.h">
      <Filter>Header Files</Filter>
    </CustomBuild>
  </ItemGroup>
</Project>
