Microsoft Visual Studio Solution File, Format Version 10.00
# Visual Studio 2008
Project("{8BC9CEB8-8B4A-11D0-8D11-00A0C91BC942}") = "SubEdit", "SubEdit.vcproj", "{0732FBD7-8DB9-4A64-9764-FCF661E5722A}"
EndProject
Global
	GlobalSection(SolutionConfigurationPlatforms) = preSolution
		Debug|Win32 = Debug|Win32
		Debug|x64 = Debug|x64
		Debug|Itanium = Debug|Itanium
		Release|Win32 = Release|Win32
		Release|x64 = Release|x64
		Release|Itanium = Release|Itanium
	EndGlobalSection
	GlobalSection(ProjectConfigurationPlatforms) = postSolution
		{0732FBD7-8DB9-4A64-9764-FCF661E5722A}.Debug|Win32.ActiveCfg = Debug|Win32
		{0732FBD7-8DB9-4A64-9764-FCF661E5722A}.Debug|Win32.Build.0 = Debug|Win32
		{0732FBD7-8DB9-4A64-9764-FCF661E5722A}.Debug|x64.ActiveCfg = Debug|x64
		{0732FBD7-8DB9-4A64-9764-FCF661E5722A}.Debug|x64.Build.0 = Debug|x64
		{0732FBD7-8DB9-4A64-9764-FCF661E5722A}.Debug|Itanium.ActiveCfg = Debug|Itanium
		{0732FBD7-8DB9-4A64-9764-FCF661E5722A}.Debug|Itanium.Build.0 = Debug|Itanium
		{0732FBD7-8DB9-4A64-9764-FCF661E5722A}.Release|Win32.ActiveCfg = Release|Win32
		{0732FBD7-8DB9-4A64-9764-FCF661E5722A}.Release|Win32.Build.0 = Release|Win32
		{0732FBD7-8DB9-4A64-9764-FCF661E5722A}.Release|x64.ActiveCfg = Release|x64
		{0732FBD7-8DB9-4A64-9764-FCF661E5722A}.Release|x64.Build.0 = Release|x64
		{0732FBD7-8DB9-4A64-9764-FCF661E5722A}.Release|Itanium.ActiveCfg = Release|Itanium
		{0732FBD7-8DB9-4A64-9764-FCF661E5722A}.Release|Itanium.Build.0 = Release|Itanium
	EndGlobalSection
	GlobalSection(SolutionProperties) = preSolution
		HideSolutionNode = FALSE
	EndGlobalSection
EndGlobal
