<?xml version="1.0" encoding="utf-8"?>
<Project ToolsVersion="4.0" xmlns="http://schemas.microsoft.com/developer/msbuild/2003">
  <ItemGroup>
    <Filter Include="Header Files">
      <UniqueIdentifier>{4623ebf9-402d-427d-9f35-6aa942112dcb}</UniqueIdentifier>
      <Extensions>h;hpp;hxx;hm;inl;fi;fd</Extensions>
    </Filter>
    <Filter Include="Resource Files">
      <UniqueIdentifier>{66b4c198-8c62-45d0-a078-aed802f9dc95}</UniqueIdentifier>
      <Extensions>ico;cur;bmp;dlg;rc;rc2;rct;bin;cnt;rtf;gif;jpg;jpeg;jpe</Extensions>
    </Filter>
    <Filter Include="Source Files">
      <UniqueIdentifier>{acb44fb0-6c6d-4671-a14a-93ba9377c044}</UniqueIdentifier>
      <Extensions>cpp;c;cxx;def;r;odl;hpj;bat;for;f90</Extensions>
    </Filter>
  </ItemGroup>
  <ItemGroup>
    <ClCompile Include="Chain.cpp">
      <Filter>Source Files</Filter>
    </ClCompile>
    <ClCompile Include="COMMap.cpp">
      <Filter>Source Files</Filter>
    </ClCompile>
    <ClCompile Include="Outer.cpp">
      <Filter>Source Files</Filter>
    </ClCompile>
    <ClCompile Include="premap.cpp">
      <Filter>Source Files</Filter>
    </ClCompile>
  </ItemGroup>
  <ItemGroup>
    <None Include="commap.txt" />
  </ItemGroup>
  <ItemGroup>
    <Midl Include="COMMap.idl">
      <Filter>Source Files</Filter>
    </Midl>
  </ItemGroup>
  <ItemGroup>
    <ClInclude Include="resource.h">
      <Filter>Header Files</Filter>
    </ClInclude>
  </ItemGroup>
  <ItemGroup>
    <ResourceCompile Include="COMMap.rc">
      <Filter>Resource Files</Filter>
    </ResourceCompile>
  </ItemGroup>
  <ItemGroup>
    <CustomBuild Include="Chain.h">
      <Filter>Header Files</Filter>
    </CustomBuild>
    <CustomBuild Include="Chain.rgs" />
    <CustomBuild Include="COMMap.def">
      <Filter>Source Files</Filter>
    </CustomBuild>
    <CustomBuild Include="Outer.h">
      <Filter>Header Files</Filter>
    </CustomBuild>
    <CustomBuild Include="Outer.rgs" />
    <CustomBuild Include="premap.h">
      <Filter>Header Files</Filter>
    </CustomBuild>
  </ItemGroup>
</Project>