<?xml version="1.0" encoding="utf-8"?>
<Project ToolsVersion="4.0" xmlns="http://schemas.microsoft.com/developer/msbuild/2003">
  <ItemGroup>
    <Filter Include="Header Files">
      <UniqueIdentifier>{28d1b689-cfd1-44c4-937e-21f75bde7ac5}</UniqueIdentifier>
      <Extensions>h;hpp;hxx;hm;inl;fi;fd</Extensions>
    </Filter>
    <Filter Include="Resource Files">
      <UniqueIdentifier>{064e476f-163a-4485-83f1-7592b9bb1feb}</UniqueIdentifier>
      <Extensions>ico;cur;bmp;dlg;rc2;rct;bin;cnt;rtf;gif;jpg;jpeg;jpe</Extensions>
    </Filter>
    <Filter Include="Source Files">
      <UniqueIdentifier>{f605ac5b-f40d-4330-bf74-085ac93e842b}</UniqueIdentifier>
      <Extensions>cpp;c;cxx;rc;def;r;odl;hpj;bat;for;f90</Extensions>
    </Filter>
  </ItemGroup>
  <ItemGroup>
    <ClCompile Include="Chain.cpp">
      <Filter>Source Files</Filter>
    </ClCompile>
    <ClCompile Include="COMMap.cpp">
      <Filter>Source Files</Filter>
    </ClCompile>
    <ClCompile Include="Outer.cpp">
      <Filter>Source Files</Filter>
    </ClCompile>
    <ClCompile Include="premap.cpp">
      <Filter>Source Files</Filter>
    </ClCompile>
  </ItemGroup>
  <ItemGroup>
    <ClInclude Include="Chain.h">
      <Filter>Header Files</Filter>
    </ClInclude>
    <ClInclude Include="COMMapIface.h">
      <Filter>Header Files</Filter>
    </ClInclude>
    <ClInclude Include="Outer.h">
      <Filter>Header Files</Filter>
    </ClInclude>
    <ClInclude Include="premap.h">
      <Filter>Header Files</Filter>
    </ClInclude>
  </ItemGroup>
  <ItemGroup>
    <None Include="Chain.rgs">
      <Filter>Resource Files</Filter>
    </None>
    <None Include="Outer.rgs">
      <Filter>Resource Files</Filter>
    </None>
  </ItemGroup>
  <ItemGroup>
    <ResourceCompile Include="COMMap.rc">
      <Filter>Source Files</Filter>
    </ResourceCompile>
  </ItemGroup>
</Project>