<?xml version="1.0" encoding="utf-8"?>
<Project ToolsVersion="4.0" xmlns="http://schemas.microsoft.com/developer/msbuild/2003">
  <ItemGroup>
    <Filter Include="Header Files">
      <UniqueIdentifier>{e351f75d-5462-42cd-b7b0-303c23d7810b}</UniqueIdentifier>
      <Extensions>h;hpp;hxx;inl;fi;fd</Extensions>
    </Filter>
    <Filter Include="Resource Files">
      <UniqueIdentifier>{31ee598d-3f82-49b7-9306-4c62af64f970}</UniqueIdentifier>
      <Extensions>rc;ico;cur;bmp;dlg;rc2;rct;cnt;rtf;gif;jpg;jpeg;jpe</Extensions>
    </Filter>
    <Filter Include="Source Files">
      <UniqueIdentifier>{5e75ef22-2729-4dd4-8b51-ce34d1c5656a}</UniqueIdentifier>
      <Extensions>cpp;c;cxx;def;r;odl;hpj;bat;for;f90</Extensions>
    </Filter>
  </ItemGroup>
  <ItemGroup>
    <ClCompile Include="collect.cpp">
      <Filter>Source Files</Filter>
    </ClCompile>
    <ClCompile Include="colledoc.cpp">
      <Filter>Source Files</Filter>
    </ClCompile>
    <ClCompile Include="collevw.cpp">
      <Filter>Source Files</Filter>
    </ClCompile>
    <ClCompile Include="dwarryvw.cpp">
      <Filter>Source Files</Filter>
    </ClCompile>
    <ClCompile Include="intlstvw.cpp">
      <Filter>Source Files</Filter>
    </ClCompile>
    <ClCompile Include="mainfrm.cpp">
      <Filter>Source Files</Filter>
    </ClCompile>
    <ClCompile Include="mapdwvw.cpp">
      <Filter>Source Files</Filter>
    </ClCompile>
    <ClCompile Include="mapssvw.cpp">
      <Filter>Source Files</Filter>
    </ClCompile>
    <ClCompile Include="ptarryvw.cpp">
      <Filter>Source Files</Filter>
    </ClCompile>
    <ClCompile Include="stdafx.cpp">
      <Filter>Source Files</Filter>
    </ClCompile>
    <ClCompile Include="strlstvw.cpp">
      <Filter>Source Files</Filter>
    </ClCompile>
    <ClCompile Include="typaryvw.cpp">
      <Filter>Source Files</Filter>
    </ClCompile>
    <ClCompile Include="typlstvw.cpp">
      <Filter>Source Files</Filter>
    </ClCompile>
    <ClCompile Include="typtrmap.cpp">
      <Filter>Source Files</Filter>
    </ClCompile>
  </ItemGroup>
  <ItemGroup>
    <None Include="res\collect.ico">
      <Filter>Resource Files</Filter>
    </None>
    <None Include="res\collect.rc2">
      <Filter>Resource Files</Filter>
    </None>
    <None Include="res\toolbar.bmp">
      <Filter>Resource Files</Filter>
    </None>
  </ItemGroup>
  <ItemGroup>
    <ResourceCompile Include="collect.rc">
      <Filter>Resource Files</Filter>
    </ResourceCompile>
  </ItemGroup>
  <ItemGroup>
    <ClInclude Include="collect.h">
      <Filter>Header Files</Filter>
    </ClInclude>
    <ClInclude Include="colledoc.h">
      <Filter>Header Files</Filter>
    </ClInclude>
    <ClInclude Include="collevw.h">
      <Filter>Header Files</Filter>
    </ClInclude>
    <ClInclude Include="dwarryvw.h">
      <Filter>Header Files</Filter>
    </ClInclude>
    <ClInclude Include="intlstvw.h">
      <Filter>Header Files</Filter>
    </ClInclude>
    <ClInclude Include="mainfrm.h">
      <Filter>Header Files</Filter>
    </ClInclude>
    <ClInclude Include="mapdwvw.h">
      <Filter>Header Files</Filter>
    </ClInclude>
    <ClInclude Include="mapssvw.h">
      <Filter>Header Files</Filter>
    </ClInclude>
    <ClInclude Include="ptarryvw.h">
      <Filter>Header Files</Filter>
    </ClInclude>
    <ClInclude Include="stdafx.h">
      <Filter>Header Files</Filter>
    </ClInclude>
    <ClInclude Include="strlstvw.h">
      <Filter>Header Files</Filter>
    </ClInclude>
    <ClInclude Include="typaryvw.h">
      <Filter>Header Files</Filter>
    </ClInclude>
    <ClInclude Include="typlstvw.h">
      <Filter>Header Files</Filter>
    </ClInclude>
    <ClInclude Include="typtrmap.h">
      <Filter>Header Files</Filter>
    </ClInclude>
  </ItemGroup>
</Project>