<?xml version="1.0" encoding="utf-8"?>
<Project ToolsVersion="4.0" xmlns="http://schemas.microsoft.com/developer/msbuild/2003">
  <ItemGroup>
    <Filter Include="Header Files">
      <UniqueIdentifier>{7ed599bc-97c7-459c-9484-b9387cb2e02a}</UniqueIdentifier>
      <Extensions>h;hpp;hxx;inl;fi;fd</Extensions>
    </Filter>
    <Filter Include="Resource Files">
      <UniqueIdentifier>{98cd159b-efca-4f9f-bbc7-9b95c62188dc}</UniqueIdentifier>
      <Extensions>rc;ico;cur;bmp;dlg;rc2;rct;cnt;rtf;gif;jpg;jpeg;jpe</Extensions>
    </Filter>
    <Filter Include="Source Files">
      <UniqueIdentifier>{effdd1f9-2fc2-4125-8b52-b07c3376a814}</UniqueIdentifier>
      <Extensions>cpp;c;cxx;def;r;odl;hpj;bat;for;f90</Extensions>
    </Filter>
  </ItemGroup>
  <ItemGroup>
    <Midl Include="licensed.odl">
      <Filter>Source Files</Filter>
    </Midl>
  </ItemGroup>
  <ItemGroup>
    <ClCompile Include="licenctl.cpp">
      <Filter>Source Files</Filter>
    </ClCompile>
    <ClCompile Include="licenppg.cpp">
      <Filter>Source Files</Filter>
    </ClCompile>
    <ClCompile Include="licensed.cpp">
      <Filter>Source Files</Filter>
    </ClCompile>
    <ClCompile Include="stdafx.cpp">
      <Filter>Source Files</Filter>
    </ClCompile>
  </ItemGroup>
  <ItemGroup>
    <ResourceCompile Include="licensed.rc">
      <Filter>Resource Files</Filter>
    </ResourceCompile>
  </ItemGroup>
  <ItemGroup>
    <None Include="licenctl.bmp">
      <Filter>Resource Files</Filter>
    </None>
    <None Include="licensed.def">
      <Filter>Source Files</Filter>
    </None>
    <None Include="licensed.ico">
      <Filter>Resource Files</Filter>
    </None>
    <None Include="licensed.rc2">
      <Filter>Resource Files</Filter>
    </None>
  </ItemGroup>
  <ItemGroup>
    <ClInclude Include="licenctl.h">
      <Filter>Header Files</Filter>
    </ClInclude>
    <ClInclude Include="licenppg.h">
      <Filter>Header Files</Filter>
    </ClInclude>
    <ClInclude Include="licensed.h">
      <Filter>Header Files</Filter>
    </ClInclude>
    <ClInclude Include="resource.h">
      <Filter>Header Files</Filter>
    </ClInclude>
    <ClInclude Include="stdafx.h">
      <Filter>Header Files</Filter>
    </ClInclude>
  </ItemGroup>
</Project>