<?xml version="1.0" encoding="utf-8"?>
<Project ToolsVersion="4.0" xmlns="http://schemas.microsoft.com/developer/msbuild/2003">
  <ItemGroup>
    <Filter Include="Header Files">
      <UniqueIdentifier>{901723e6-cd11-4ca4-ae6f-418f91ea95cf}</UniqueIdentifier>
      <Extensions>h;hpp;hxx;hm;inl;inc</Extensions>
    </Filter>
    <Filter Include="Resource Files">
      <UniqueIdentifier>{798677db-fbd5-4925-a696-fee44c233e14}</UniqueIdentifier>
      <Extensions>rc;ico;cur;bmp;dlg;rc2;rct;bin;rgs;gif;jpg;jpeg;jpe</Extensions>
    </Filter>
    <Filter Include="Source Files">
      <UniqueIdentifier>{fe544b84-0d48-46ff-a330-fb2a241d5389}</UniqueIdentifier>
      <Extensions>cpp;c;cxx;def;odl;idl;hpj;bat;asm</Extensions>
    </Filter>
  </ItemGroup>
  <ItemGroup>
    <ClCompile Include="ChildView.cpp">
      <Filter>Source Files</Filter>
    </ClCompile>
    <ClCompile Include="MainFrm.cpp">
      <Filter>Source Files</Filter>
    </ClCompile>
    <ClCompile Include="MMXSurface16.cpp">
      <Filter>Source Files</Filter>
    </ClCompile>
    <ClCompile Include="MMXSurface24.cpp">
      <Filter>Source Files</Filter>
    </ClCompile>
    <ClCompile Include="MMXSurface32.cpp">
      <Filter>Source Files</Filter>
    </ClCompile>
    <ClCompile Include="MMXSwarm.cpp">
      <Filter>Source Files</Filter>
    </ClCompile>
    <ClCompile Include="SSE2Surface16.cpp">
      <Filter>Source Files</Filter>
    </ClCompile>
    <ClCompile Include="SSE2Surface24.cpp">
      <Filter>Source Files</Filter>
    </ClCompile>
    <ClCompile Include="SSE2Surface32.cpp">
      <Filter>Source Files</Filter>
    </ClCompile>
    <ClCompile Include="stdafx.cpp">
      <Filter>Source Files</Filter>
    </ClCompile>
    <ClCompile Include="Surface.cpp">
      <Filter>Source Files</Filter>
    </ClCompile>
    <ClCompile Include="Swarm.cpp">
      <Filter>Source Files</Filter>
    </ClCompile>
  </ItemGroup>
  <ItemGroup>
    <None Include="res\MMXSwarm.ico">
      <Filter>Resource Files</Filter>
    </None>
    <None Include="res\MMXSwarm.rc2">
      <Filter>Resource Files</Filter>
    </None>
    <None Include="res\Toolbar.bmp">
      <Filter>Resource Files</Filter>
    </None>
  </ItemGroup>
  <ItemGroup>
    <ResourceCompile Include="MMXSwarm.rc">
      <Filter>Resource Files</Filter>
    </ResourceCompile>
  </ItemGroup>
  <ItemGroup>
    <ClInclude Include="ChildView.h">
      <Filter>Header Files</Filter>
    </ClInclude>
    <ClInclude Include="MainFrm.h">
      <Filter>Header Files</Filter>
    </ClInclude>
    <ClInclude Include="MMXSurface.h">
      <Filter>Header Files</Filter>
    </ClInclude>
    <ClInclude Include="MMXSwarm.h">
      <Filter>Header Files</Filter>
    </ClInclude>
    <ClInclude Include="MMXWrapper.h">
      <Filter>Header Files</Filter>
    </ClInclude>
    <ClInclude Include="Resource.h">
      <Filter>Header Files</Filter>
    </ClInclude>
    <ClInclude Include="stdafx.h">
      <Filter>Header Files</Filter>
    </ClInclude>
    <ClInclude Include="Surface.h">
      <Filter>Header Files</Filter>
    </ClInclude>
    <ClInclude Include="Swarm.h">
      <Filter>Header Files</Filter>
    </ClInclude>
  </ItemGroup>
</Project>